// !$*UTF8*$!
{
	archiveVersion = 1;
	classes = {
	};
	objectVersion = 55;
	objects = {

/* Begin PBXBuildFile section */
		2D82ABE928F435FF00D9B949 /* AppDelegate.swift in Sources */ = {isa = PBXBuildFile; fileRef = 2D82ABE828F435FF00D9B949 /* AppDelegate.swift */; };
		2D82ABEB28F435FF00D9B949 /* SceneDelegate.swift in Sources */ = {isa = PBXBuildFile; fileRef = 2D82ABEA28F435FF00D9B949 /* SceneDelegate.swift */; };
		2D82ABF228F435FF00D9B949 /* Assets.xcassets in Resources */ = {isa = PBXBuildFile; fileRef = 2D82ABF128F435FF00D9B949 /* Assets.xcassets */; };
		2D82ABF528F435FF00D9B949 /* LaunchScreen.storyboard in Resources */ = {isa = PBXBuildFile; fileRef = 2D82ABF328F435FF00D9B949 /* LaunchScreen.storyboard */; };
		2D82AC0428F437E500D9B949 /* BuyViewController.swift in Sources */ = {isa = PBXBuildFile; fileRef = 2D82ABFE28F437E500D9B949 /* BuyViewController.swift */; };
		2D82AC0528F437E500D9B949 /* SearchViewController.swift in Sources */ = {isa = PBXBuildFile; fileRef = 2D82ABFF28F437E500D9B949 /* SearchViewController.swift */; };
		2D82AC0628F437E500D9B949 /* ForYouViewController.swift in Sources */ = {isa = PBXBuildFile; fileRef = 2D82AC0028F437E500D9B949 /* ForYouViewController.swift */; };
		2D82AC0728F437E500D9B949 /* MainTabBarController.swift in Sources */ = {isa = PBXBuildFile; fileRef = 2D82AC0128F437E500D9B949 /* MainTabBarController.swift */; };
		2D82AC0828F437E500D9B949 /* ProductViewController.swift in Sources */ = {isa = PBXBuildFile; fileRef = 2D82AC0228F437E500D9B949 /* ProductViewController.swift */; };
		2D82AC0928F437E500D9B949 /* BasketViewController.swift in Sources */ = {isa = PBXBuildFile; fileRef = 2D82AC0328F437E500D9B949 /* BasketViewController.swift */; };
		2DED0EF228F68CFF00111A73 /* Product.swift in Sources */ = {isa = PBXBuildFile; fileRef = 2DED0EF128F68CFF00111A73 /* Product.swift */; };
		2DED0EF428F6905600111A73 /* ColorAssets.xcassets in Resources */ = {isa = PBXBuildFile; fileRef = 2DED0EF328F6905600111A73 /* ColorAssets.xcassets */; };
		2DED0EF628F6905F00111A73 /* ColorEnum.swift in Sources */ = {isa = PBXBuildFile; fileRef = 2DED0EF528F6905F00111A73 /* ColorEnum.swift */; };
/* End PBXBuildFile section */

/* Begin PBXFileReference section */
		2D82ABE528F435FF00D9B949 /* onlineShop_RoadMap.app */ = {isa = PBXFileReference; explicitFileType = wrapper.application; includeInIndex = 0; path = onlineShop_RoadMap.app; sourceTree = BUILT_PRODUCTS_DIR; };
		2D82ABE828F435FF00D9B949 /* AppDelegate.swift */ = {isa = PBXFileReference; lastKnownFileType = sourcecode.swift; path = AppDelegate.swift; sourceTree = "<group>"; };
		2D82ABEA28F435FF00D9B949 /* SceneDelegate.swift */ = {isa = PBXFileReference; lastKnownFileType = sourcecode.swift; path = SceneDelegate.swift; sourceTree = "<group>"; };
		2D82ABF128F435FF00D9B949 /* Assets.xcassets */ = {isa = PBXFileReference; lastKnownFileType = folder.assetcatalog; path = Assets.xcassets; sourceTree = "<group>"; };
		2D82ABF428F435FF00D9B949 /* Base */ = {isa = PBXFileReference; lastKnownFileType = file.storyboard; name = Base; path = Base.lproj/LaunchScreen.storyboard; sourceTree = "<group>"; };
		2D82ABF628F435FF00D9B949 /* Info.plist */ = {isa = PBXFileReference; lastKnownFileType = text.plist.xml; path = Info.plist; sourceTree = "<group>"; };
		2D82ABFE28F437E500D9B949 /* BuyViewController.swift */ = {isa = PBXFileReference; fileEncoding = 4; lastKnownFileType = sourcecode.swift; path = BuyViewController.swift; sourceTree = "<group>"; };
		2D82ABFF28F437E500D9B949 /* SearchViewController.swift */ = {isa = PBXFileReference; fileEncoding = 4; lastKnownFileType = sourcecode.swift; path = SearchViewController.swift; sourceTree = "<group>"; };
		2D82AC0028F437E500D9B949 /* ForYouViewController.swift */ = {isa = PBXFileReference; fileEncoding = 4; lastKnownFileType = sourcecode.swift; path = ForYouViewController.swift; sourceTree = "<group>"; };
		2D82AC0128F437E500D9B949 /* MainTabBarController.swift */ = {isa = PBXFileReference; fileEncoding = 4; lastKnownFileType = sourcecode.swift; path = MainTabBarController.swift; sourceTree = "<group>"; };
		2D82AC0228F437E500D9B949 /* ProductViewController.swift */ = {isa = PBXFileReference; fileEncoding = 4; lastKnownFileType = sourcecode.swift; path = ProductViewController.swift; sourceTree = "<group>"; };
		2D82AC0328F437E500D9B949 /* BasketViewController.swift */ = {isa = PBXFileReference; fileEncoding = 4; lastKnownFileType = sourcecode.swift; path = BasketViewController.swift; sourceTree = "<group>"; };
		2DED0EF128F68CFF00111A73 /* Product.swift */ = {isa = PBXFileReference; fileEncoding = 4; lastKnownFileType = sourcecode.swift; path = Product.swift; sourceTree = "<group>"; };
		2DED0EF328F6905600111A73 /* ColorAssets.xcassets */ = {isa = PBXFileReference; lastKnownFileType = folder.assetcatalog; path = ColorAssets.xcassets; sourceTree = "<group>"; };
		2DED0EF528F6905F00111A73 /* ColorEnum.swift */ = {isa = PBXFileReference; fileEncoding = 4; lastKnownFileType = sourcecode.swift; path = ColorEnum.swift; sourceTree = "<group>"; };
/* End PBXFileReference section */

/* Begin PBXFrameworksBuildPhase section */
		2D82ABE228F435FF00D9B949 /* Frameworks */ = {
			isa = PBXFrameworksBuildPhase;
			buildActionMask = 2147483647;
			files = (
			);
			runOnlyForDeploymentPostprocessing = 0;
		};
/* End PBXFrameworksBuildPhase section */

/* Begin PBXGroup section */
		2D82ABDC28F435FE00D9B949 = {
			isa = PBXGroup;
			children = (
				2D82ABE728F435FF00D9B949 /* onlineShop_RoadMap */,
				2D82ABE628F435FF00D9B949 /* Products */,
			);
			sourceTree = "<group>";
		};
		2D82ABE628F435FF00D9B949 /* Products */ = {
			isa = PBXGroup;
			children = (
				2D82ABE528F435FF00D9B949 /* onlineShop_RoadMap.app */,
			);
			name = Products;
			sourceTree = "<group>";
		};
		2D82ABE728F435FF00D9B949 /* onlineShop_RoadMap */ = {
			isa = PBXGroup;
			children = (
				2DED0EF728F691C700111A73 /* Model */,
				2D82ABFD28F437CD00D9B949 /* Controllers */,
				2D82ABE828F435FF00D9B949 /* AppDelegate.swift */,
				2D82ABEA28F435FF00D9B949 /* SceneDelegate.swift */,
				2DED0EF328F6905600111A73 /* ColorAssets.xcassets */,
				2D82ABF128F435FF00D9B949 /* Assets.xcassets */,
				2D82ABF328F435FF00D9B949 /* LaunchScreen.storyboard */,
				2D82ABF628F435FF00D9B949 /* Info.plist */,
			);
			path = onlineShop_RoadMap;
			sourceTree = "<group>";
		};
		2D82ABFD28F437CD00D9B949 /* Controllers */ = {
			isa = PBXGroup;
			children = (
				2D82AC0328F437E500D9B949 /* BasketViewController.swift */,
				2D82ABFE28F437E500D9B949 /* BuyViewController.swift */,
				2D82AC0028F437E500D9B949 /* ForYouViewController.swift */,
				2D82AC0128F437E500D9B949 /* MainTabBarController.swift */,
				2D82AC0228F437E500D9B949 /* ProductViewController.swift */,
				2D82ABFF28F437E500D9B949 /* SearchViewController.swift */,
			);
			path = Controllers;
			sourceTree = "<group>";
		};
		2DED0EF728F691C700111A73 /* Model */ = {
			isa = PBXGroup;
			children = (
				2DED0EF128F68CFF00111A73 /* Product.swift */,
				2DED0EF528F6905F00111A73 /* ColorEnum.swift */,
			);
			path = Model;
			sourceTree = "<group>";
		};
/* End PBXGroup section */

/* Begin PBXNativeTarget section */
		2D82ABE428F435FF00D9B949 /* onlineShop_RoadMap */ = {
			isa = PBXNativeTarget;
			buildConfigurationList = 2D82ABF928F435FF00D9B949 /* Build configuration list for PBXNativeTarget "onlineShop_RoadMap" */;
			buildPhases = (
				2D82ABFC28F4374400D9B949 /* SwiftLint */,
				2D82ABE128F435FF00D9B949 /* Sources */,
				2D82ABE228F435FF00D9B949 /* Frameworks */,
				2D82ABE328F435FF00D9B949 /* Resources */,
			);
			buildRules = (
			);
			dependencies = (
			);
			name = onlineShop_RoadMap;
			productName = onlineShop_RoadMap;
			productReference = 2D82ABE528F435FF00D9B949 /* onlineShop_RoadMap.app */;
			productType = "com.apple.product-type.application";
		};
/* End PBXNativeTarget section */

/* Begin PBXProject section */
		2D82ABDD28F435FE00D9B949 /* Project object */ = {
			isa = PBXProject;
			attributes = {
				BuildIndependentTargetsInParallel = 1;
				LastSwiftUpdateCheck = 1340;
				LastUpgradeCheck = 1340;
				TargetAttributes = {
					2D82ABE428F435FF00D9B949 = {
						CreatedOnToolsVersion = 13.4.1;
					};
				};
			};
			buildConfigurationList = 2D82ABE028F435FE00D9B949 /* Build configuration list for PBXProject "onlineShop_RoadMap" */;
			compatibilityVersion = "Xcode 13.0";
			developmentRegion = en;
			hasScannedForEncodings = 0;
			knownRegions = (
				en,
				Base,
			);
			mainGroup = 2D82ABDC28F435FE00D9B949;
			productRefGroup = 2D82ABE628F435FF00D9B949 /* Products */;
			projectDirPath = "";
			projectRoot = "";
			targets = (
				2D82ABE428F435FF00D9B949 /* onlineShop_RoadMap */,
			);
		};
/* End PBXProject section */

/* Begin PBXResourcesBuildPhase section */
		2D82ABE328F435FF00D9B949 /* Resources */ = {
			isa = PBXResourcesBuildPhase;
			buildActionMask = 2147483647;
			files = (
				2D82ABF528F435FF00D9B949 /* LaunchScreen.storyboard in Resources */,
				2DED0EF428F6905600111A73 /* ColorAssets.xcassets in Resources */,
				2D82ABF228F435FF00D9B949 /* Assets.xcassets in Resources */,
			);
			runOnlyForDeploymentPostprocessing = 0;
		};
/* End PBXResourcesBuildPhase section */

/* Begin PBXShellScriptBuildPhase section */
		2D82ABFC28F4374400D9B949 /* SwiftLint */ = {
			isa = PBXShellScriptBuildPhase;
			buildActionMask = 2147483647;
			files = (
			);
			inputFileListPaths = (
			);
			inputPaths = (
			);
			name = SwiftLint;
			outputFileListPaths = (
			);
			outputPaths = (
			);
			runOnlyForDeploymentPostprocessing = 0;
			shellPath = /bin/sh;
			shellScript = "export PATH=\"$PATH:/opt/homebrew/bin\"\nif which swiftlint > /dev/null; then\n  swiftlint\nelse\n  echo \"warning: SwiftLint not installed, download from https://github.com/realm/SwiftLint\"\nfi\n\n";
		};
/* End PBXShellScriptBuildPhase section */

/* Begin PBXSourcesBuildPhase section */
		2D82ABE128F435FF00D9B949 /* Sources */ = {
			isa = PBXSourcesBuildPhase;
			buildActionMask = 2147483647;
			files = (
				2D82AC0928F437E500D9B949 /* BasketViewController.swift in Sources */,
				2D82AC0528F437E500D9B949 /* SearchViewController.swift in Sources */,
				2DED0EF228F68CFF00111A73 /* Product.swift in Sources */,
				2D82AC0628F437E500D9B949 /* ForYouViewController.swift in Sources */,
				2DED0EF628F6905F00111A73 /* ColorEnum.swift in Sources */,
				2D82AC0728F437E500D9B949 /* MainTabBarController.swift in Sources */,
				2D82AC0428F437E500D9B949 /* BuyViewController.swift in Sources */,
				2D82ABE928F435FF00D9B949 /* AppDelegate.swift in Sources */,
				2D82AC0828F437E500D9B949 /* ProductViewController.swift in Sources */,
				2D82ABEB28F435FF00D9B949 /* SceneDelegate.swift in Sources */,
			);
			runOnlyForDeploymentPostprocessing = 0;
		};
/* End PBXSourcesBuildPhase section */

/* Begin PBXVariantGroup section */
		2D82ABF328F435FF00D9B949 /* LaunchScreen.storyboard */ = {
			isa = PBXVariantGroup;
			children = (
				2D82ABF428F435FF00D9B949 /* Base */,
			);
			name = LaunchScreen.storyboard;
			sourceTree = "<group>";
		};
/* End PBXVariantGroup section */

/* Begin XCBuildConfiguration section */
		2D82ABF728F435FF00D9B949 /* Debug */ = {
			isa = XCBuildConfiguration;
			buildSettings = {
				ALWAYS_SEARCH_USER_PATHS = NO;
				CLANG_ANALYZER_NONNULL = YES;
				CLANG_ANALYZER_NUMBER_OBJECT_CONVERSION = YES_AGGRESSIVE;
				CLANG_CXX_LANGUAGE_STANDARD = "gnu++17";
				CLANG_ENABLE_MODULES = YES;
				CLANG_ENABLE_OBJC_ARC = YES;
				CLANG_ENABLE_OBJC_WEAK = YES;
				CLANG_WARN_BLOCK_CAPTURE_AUTORELEASING = YES;
				CLANG_WARN_BOOL_CONVERSION = YES;
				CLANG_WARN_COMMA = YES;
				CLANG_WARN_CONSTANT_CONVERSION = YES;
				CLANG_WARN_DEPRECATED_OBJC_IMPLEMENTATIONS = YES;
				CLANG_WARN_DIRECT_OBJC_ISA_USAGE = YES_ERROR;
				CLANG_WARN_DOCUMENTATION_COMMENTS = YES;
				CLANG_WARN_EMPTY_BODY = YES;
				CLANG_WARN_ENUM_CONVERSION = YES;
				CLANG_WARN_INFINITE_RECURSION = YES;
				CLANG_WARN_INT_CONVERSION = YES;
				CLANG_WARN_NON_LITERAL_NULL_CONVERSION = YES;
				CLANG_WARN_OBJC_IMPLICIT_RETAIN_SELF = YES;
				CLANG_WARN_OBJC_LITERAL_CONVERSION = YES;
				CLANG_WARN_OBJC_ROOT_CLASS = YES_ERROR;
				CLANG_WARN_QUOTED_INCLUDE_IN_FRAMEWORK_HEADER = YES;
				CLANG_WARN_RANGE_LOOP_ANALYSIS = YES;
				CLANG_WARN_STRICT_PROTOTYPES = YES;
				CLANG_WARN_SUSPICIOUS_MOVE = YES;
				CLANG_WARN_UNGUARDED_AVAILABILITY = YES_AGGRESSIVE;
				CLANG_WARN_UNREACHABLE_CODE = YES;
				CLANG_WARN__DUPLICATE_METHOD_MATCH = YES;
				COPY_PHASE_STRIP = NO;
				DEBUG_INFORMATION_FORMAT = dwarf;
				ENABLE_STRICT_OBJC_MSGSEND = YES;
				ENABLE_TESTABILITY = YES;
				GCC_C_LANGUAGE_STANDARD = gnu11;
				GCC_DYNAMIC_NO_PIC = NO;
				GCC_NO_COMMON_BLOCKS = YES;
				GCC_OPTIMIZATION_LEVEL = 0;
				GCC_PREPROCESSOR_DEFINITIONS = (
					"DEBUG=1",
					"$(inherited)",
				);
				GCC_WARN_64_TO_32_BIT_CONVERSION = YES;
				GCC_WARN_ABOUT_RETURN_TYPE = YES_ERROR;
				GCC_WARN_UNDECLARED_SELECTOR = YES;
				GCC_WARN_UNINITIALIZED_AUTOS = YES_AGGRESSIVE;
				GCC_WARN_UNUSED_FUNCTION = YES;
				GCC_WARN_UNUSED_VARIABLE = YES;
				IPHONEOS_DEPLOYMENT_TARGET = 15.5;
				MTL_ENABLE_DEBUG_INFO = INCLUDE_SOURCE;
				MTL_FAST_MATH = YES;
				ONLY_ACTIVE_ARCH = YES;
				SDKROOT = iphoneos;
				SWIFT_ACTIVE_COMPILATION_CONDITIONS = DEBUG;
				SWIFT_OPTIMIZATION_LEVEL = "-Onone";
			};
			name = Debug;
		};
		2D82ABF828F435FF00D9B949 /* Release */ = {
			isa = XCBuildConfiguration;
			buildSettings = {
				ALWAYS_SEARCH_USER_PATHS = NO;
				CLANG_ANALYZER_NONNULL = YES;
				CLANG_ANALYZER_NUMBER_OBJECT_CONVERSION = YES_AGGRESSIVE;
				CLANG_CXX_LANGUAGE_STANDARD = "gnu++17";
				CLANG_ENABLE_MODULES = YES;
				CLANG_ENABLE_OBJC_ARC = YES;
				CLANG_ENABLE_OBJC_WEAK = YES;
				CLANG_WARN_BLOCK_CAPTURE_AUTORELEASING = YES;
				CLANG_WARN_BOOL_CONVERSION = YES;
				CLANG_WARN_COMMA = YES;
				CLANG_WARN_CONSTANT_CONVERSION = YES;
				CLANG_WARN_DEPRECATED_OBJC_IMPLEMENTATIONS = YES;
				CLANG_WARN_DIRECT_OBJC_ISA_USAGE = YES_ERROR;
				CLANG_WARN_DOCUMENTATION_COMMENTS = YES;
				CLANG_WARN_EMPTY_BODY = YES;
				CLANG_WARN_ENUM_CONVERSION = YES;
				CLANG_WARN_INFINITE_RECURSION = YES;
				CLANG_WARN_INT_CONVERSION = YES;
				CLANG_WARN_NON_LITERAL_NULL_CONVERSION = YES;
				CLANG_WARN_OBJC_IMPLICIT_RETAIN_SELF = YES;
				CLANG_WARN_OBJC_LITERAL_CONVERSION = YES;
				CLANG_WARN_OBJC_ROOT_CLASS = YES_ERROR;
				CLANG_WARN_QUOTED_INCLUDE_IN_FRAMEWORK_HEADER = YES;
				CLANG_WARN_RANGE_LOOP_ANALYSIS = YES;
				CLANG_WARN_STRICT_PROTOTYPES = YES;
				CLANG_WARN_SUSPICIOUS_MOVE = YES;
				CLANG_WARN_UNGUARDED_AVAILABILITY = YES_AGGRESSIVE;
				CLANG_WARN_UNREACHABLE_CODE = YES;
				CLANG_WARN__DUPLICATE_METHOD_MATCH = YES;
				COPY_PHASE_STRIP = NO;
				DEBUG_INFORMATION_FORMAT = "dwarf-with-dsym";
				ENABLE_NS_ASSERTIONS = NO;
				ENABLE_STRICT_OBJC_MSGSEND = YES;
				GCC_C_LANGUAGE_STANDARD = gnu11;
				GCC_NO_COMMON_BLOCKS = YES;
				GCC_WARN_64_TO_32_BIT_CONVERSION = YES;
				GCC_WARN_ABOUT_RETURN_TYPE = YES_ERROR;
				GCC_WARN_UNDECLARED_SELECTOR = YES;
				GCC_WARN_UNINITIALIZED_AUTOS = YES_AGGRESSIVE;
				GCC_WARN_UNUSED_FUNCTION = YES;
				GCC_WARN_UNUSED_VARIABLE = YES;
				IPHONEOS_DEPLOYMENT_TARGET = 15.5;
				MTL_ENABLE_DEBUG_INFO = NO;
				MTL_FAST_MATH = YES;
				SDKROOT = iphoneos;
				SWIFT_COMPILATION_MODE = wholemodule;
				SWIFT_OPTIMIZATION_LEVEL = "-O";
				VALIDATE_PRODUCT = YES;
			};
			name = Release;
		};
		2D82ABFA28F435FF00D9B949 /* Debug */ = {
			isa = XCBuildConfiguration;
			buildSettings = {
				ASSETCATALOG_COMPILER_APPICON_NAME = AppIcon;
				ASSETCATALOG_COMPILER_GLOBAL_ACCENT_COLOR_NAME = AccentColor;
				CODE_SIGN_STYLE = Automatic;
				CURRENT_PROJECT_VERSION = 1;
				DEVELOPMENT_TEAM = 55SMNB9RR2;
				GENERATE_INFOPLIST_FILE = YES;
				INFOPLIST_FILE = onlineShop_RoadMap/Info.plist;
				INFOPLIST_KEY_UIApplicationSupportsIndirectInputEvents = YES;
				INFOPLIST_KEY_UILaunchStoryboardName = LaunchScreen;
				INFOPLIST_KEY_UISupportedInterfaceOrientations_iPad = "UIInterfaceOrientationPortrait UIInterfaceOrientationPortraitUpsideDown UIInterfaceOrientationLandscapeLeft UIInterfaceOrientationLandscapeRight";
				INFOPLIST_KEY_UISupportedInterfaceOrientations_iPhone = "UIInterfaceOrientationPortrait UIInterfaceOrientationLandscapeLeft UIInterfaceOrientationLandscapeRight";
				IPHONEOS_DEPLOYMENT_TARGET = 13.5;
				LD_RUNPATH_SEARCH_PATHS = (
					"$(inherited)",
					"@executable_path/Frameworks",
				);
				MARKETING_VERSION = 1.0;
				PRODUCT_BUNDLE_IDENTIFIER = "LS18.onlineShop-RoadMap";
				PRODUCT_NAME = "$(TARGET_NAME)";
				SWIFT_EMIT_LOC_STRINGS = YES;
				SWIFT_VERSION = 5.0;
				TARGETED_DEVICE_FAMILY = "1,2";
			};
			name = Debug;
		};
		2D82ABFB28F435FF00D9B949 /* Release */ = {
			isa = XCBuildConfiguration;
			buildSettings = {
				ASSETCATALOG_COMPILER_APPICON_NAME = AppIcon;
				ASSETCATALOG_COMPILER_GLOBAL_ACCENT_COLOR_NAME = AccentColor;
				CODE_SIGN_STYLE = Automatic;
				CURRENT_PROJECT_VERSION = 1;
				DEVELOPMENT_TEAM = 55SMNB9RR2;
				GENERATE_INFOPLIST_FILE = YES;
				INFOPLIST_FILE = onlineShop_RoadMap/Info.plist;
				INFOPLIST_KEY_UIApplicationSupportsIndirectInputEvents = YES;
				INFOPLIST_KEY_UILaunchStoryboardName = LaunchScreen;
				INFOPLIST_KEY_UISupportedInterfaceOrientations_iPad = "UIInterfaceOrientationPortrait UIInterfaceOrientationPortraitUpsideDown UIInterfaceOrientationLandscapeLeft UIInterfaceOrientationLandscapeRight";
				INFOPLIST_KEY_UISupportedInterfaceOrientations_iPhone = "UIInterfaceOrientationPortrait UIInterfaceOrientationLandscapeLeft UIInterfaceOrientationLandscapeRight";
				IPHONEOS_DEPLOYMENT_TARGET = 13.5;
				LD_RUNPATH_SEARCH_PATHS = (
					"$(inherited)",
					"@executable_path/Frameworks",
				);
				MARKETING_VERSION = 1.0;
				PRODUCT_BUNDLE_IDENTIFIER = "LS18.onlineShop-RoadMap";
				PRODUCT_NAME = "$(TARGET_NAME)";
				SWIFT_EMIT_LOC_STRINGS = YES;
				SWIFT_VERSION = 5.0;
				TARGETED_DEVICE_FAMILY = "1,2";
			};
			name = Release;
		};
/* End XCBuildConfiguration section */

/* Begin XCConfigurationList section */
		2D82ABE028F435FE00D9B949 /* Build configuration list for PBXProject "onlineShop_RoadMap" */ = {
			isa = XCConfigurationList;
			buildConfigurations = (
				2D82ABF728F435FF00D9B949 /* Debug */,
				2D82ABF828F435FF00D9B949 /* Release */,
			);
			defaultConfigurationIsVisible = 0;
			defaultConfigurationName = Release;
		};
		2D82ABF928F435FF00D9B949 /* Build configuration list for PBXNativeTarget "onlineShop_RoadMap" */ = {
			isa = XCConfigurationList;
			buildConfigurations = (
				2D82ABFA28F435FF00D9B949 /* Debug */,
				2D82ABFB28F435FF00D9B949 /* Release */,
			);
			defaultConfigurationIsVisible = 0;
			defaultConfigurationName = Release;
		};
/* End XCConfigurationList section */
	};
	rootObject = 2D82ABDD28F435FE00D9B949 /* Project object */;
}
